<?xml version="1.0" encoding="utf-8"?>
<Project ToolsVersion="4.0" xmlns="http://schemas.microsoft.com/developer/msbuild/2003">
  <ItemGroup>
    <Filter Include="ソース ファイル">
      <UniqueIdentifier>{4FC737F1-C7A5-4376-A066-2A32D752A2FF}</UniqueIdentifier>
      <Extensions>cpp;c;cc;cxx;c++;cppm;ixx;def;odl;idl;hpj;bat;asm;asmx</Extensions>
    </Filter>
    <Filter Include="ヘッダー ファイル">
      <UniqueIdentifier>{93995380-89BD-4b04-88EB-625FBE52EBFB}</UniqueIdentifier>
      <Extensions>h;hh;hpp;hxx;h++;hm;inl;inc;ipp;xsd</Extensions>
    </Filter>
    <Filter Include="リソース ファイル">
      <UniqueIdentifier>{67DA6AB6-F800-4c08-8B7A-83BB121AAD01}</UniqueIdentifier>
      <Extensions>rc;ico;cur;bmp;dlg;rc2;rct;bin;rgs;gif;jpg;jpeg;jpe;resx;tiff;tif;png;wav;mfcribbon-ms</Extensions>
    </Filter>
    <Filter Include="ヘッダー ファイル\support">
      <UniqueIdentifier>{6a455e5d-c202-4485-8471-2c7f7f1155df}</UniqueIdentifier>
    </Filter>
    <Filter Include="ソース ファイル\support">
      <UniqueIdentifier>{885879c0-d05e-48a8-bf9e-14ba2654dacc}</UniqueIdentifier>
    </Filter>
    <Filter Include="ソース ファイル\math">
      <UniqueIdentifier>{fdb798c7-7a56-4574-b2c8-94943f3c1cb1}</UniqueIdentifier>
    </Filter>
    <Filter Include="ヘッダー ファイル\math">
      <UniqueIdentifier>{66b808a5-f188-43bc-a05e-f9fca1f9629a}</UniqueIdentifier>
    </Filter>
  </ItemGroup>
  <ItemGroup>
    <ClInclude Include="framework.h">
      <Filter>ヘッダー ファイル</Filter>
    </ClInclude>
    <ClInclude Include="pch.h">
      <Filter>ヘッダー ファイル</Filter>
    </ClInclude>
    <ClInclude Include="6_3_1_MostCommonValueEstimate.h">
      <Filter>ヘッダー ファイル</Filter>
    </ClInclude>
    <ClInclude Include="EntropyEstimateData.h">
      <Filter>ヘッダー ファイル</Filter>
    </ClInclude>
    <ClInclude Include="math\SpecialFunctions.h">
      <Filter>ヘッダー ファイル\math</Filter>
    </ClInclude>
    <ClInclude Include="constants.h">
      <Filter>ヘッダー ファイル</Filter>
    </ClInclude>
    <ClInclude Include="6_3_2_CollisionEstimate.h">
      <Filter>ヘッダー ファイル</Filter>
    </ClInclude>
    <ClInclude Include="6_3_3_MarkovEstimate.h">
      <Filter>ヘッダー ファイル</Filter>
    </ClInclude>
    <ClInclude Include="6_3_4_CompressionEstimate.h">
      <Filter>ヘッダー ファイル</Filter>
    </ClInclude>
    <ClInclude Include="6_3_5_t_TupleEstimate.h">
      <Filter>ヘッダー ファイル</Filter>
    </ClInclude>
    <ClInclude Include="6_3_6_LRSEstimate.h">
      <Filter>ヘッダー ファイル</Filter>
    </ClInclude>
    <ClInclude Include="6_3_7_MMCWPredictionEstimate.h">
      <Filter>ヘッダー ファイル</Filter>
    </ClInclude>
    <ClInclude Include="6_3_8_LagPredictionEstimate.h">
      <Filter>ヘッダー ファイル</Filter>
    </ClInclude>
    <ClInclude Include="6_3_9_MultiMMCPredictionEstimate.h">
      <Filter>ヘッダー ファイル</Filter>
    </ClInclude>
    <ClInclude Include="6_3_10_LZ78YPredictionEstimate.h">
      <Filter>ヘッダー ファイル</Filter>
    </ClInclude>
    <ClInclude Include="math\Equations.h">
      <Filter>ヘッダー ファイル\math</Filter>
    </ClInclude>
    <ClInclude Include="support\enumerateAlphabet.h">
      <Filter>ヘッダー ファイル\support</Filter>
    </ClInclude>
    <ClInclude Include="support\setUp.h">
      <Filter>ヘッダー ファイル\support</Filter>
    </ClInclude>
    <ClInclude Include="support\WindowedHistogram.h">
      <Filter>ヘッダー ファイル\support</Filter>
    </ClInclude>
    <ClInclude Include="support\showTestSummary.h">
      <Filter>ヘッダー ファイル\support</Filter>
    </ClInclude>
    <ClInclude Include="support\checkArgs.h">
      <Filter>ヘッダー ファイル\support</Filter>
    </ClInclude>
    <ClInclude Include="support\MarkovModelHistogram.h">
      <Filter>ヘッダー ファイル\support</Filter>
    </ClInclude>
    <ClInclude Include="support\conversion.h">
      <Filter>ヘッダー ファイル\support</Filter>
    </ClInclude>
    <ClInclude Include="support\IHistogram.h">
      <Filter>ヘッダー ファイル\support</Filter>
    </ClInclude>
    <ClInclude Include="support\TupleHistogram.h">
      <Filter>ヘッダー ファイル\support</Filter>
    </ClInclude>
    <ClInclude Include="support\significantDigits.h">
      <Filter>ヘッダー ファイル\support</Filter>
    </ClInclude>
    <ClInclude Include="SupportingInfo.h">
      <Filter>ヘッダー ファイル</Filter>
    </ClInclude>
    <ClInclude Include="support\LaTeX.h">
      <Filter>ヘッダー ファイル\support</Filter>
    </ClInclude>
  </ItemGroup>
  <ItemGroup>
    <ClCompile Include="pch.cpp">
      <Filter>ソース ファイル</Filter>
    </ClCompile>
    <ClCompile Include="math\SpecialFunctions.cpp">
      <Filter>ソース ファイル\math</Filter>
    </ClCompile>
    <ClCompile Include="6_3_2_CollisionEstimate.cpp">
      <Filter>ソース ファイル</Filter>
    </ClCompile>
    <ClCompile Include="6_3_3_MarkovEstimate.cpp">
      <Filter>ソース ファイル</Filter>
    </ClCompile>
    <ClCompile Include="6_3_5_t_TupleEstimate.cpp">
      <Filter>ソース ファイル</Filter>
    </ClCompile>
    <ClCompile Include="6_3_6_LRSEstimate.cpp">
      <Filter>ソース ファイル</Filter>
    </ClCompile>
    <ClCompile Include="6_3_7_MMCWPredictionEstimate.cpp">
      <Filter>ソース ファイル</Filter>
    </ClCompile>
    <ClCompile Include="6_3_8_LagPredictionEstimate.cpp">
      <Filter>ソース ファイル</Filter>
    </ClCompile>
    <ClCompile Include="6_3_9_MultiMMCPredictionEstimate.cpp">
      <Filter>ソース ファイル</Filter>
    </ClCompile>
    <ClCompile Include="6_3_10_LZ78YPredictionEstimate.cpp">
      <Filter>ソース ファイル</Filter>
    </ClCompile>
    <ClCompile Include="support\enumerateAlphabet.cpp">
      <Filter>ソース ファイル\support</Filter>
    </ClCompile>
    <ClCompile Include="support\setUp.cpp">
      <Filter>ソース ファイル\support</Filter>
    </ClCompile>
    <ClCompile Include="support\WindowedHistogram.cpp">
      <Filter>ソース ファイル\support</Filter>
    </ClCompile>
    <ClCompile Include="support\showTestSummary.cpp">
      <Filter>ソース ファイル\support</Filter>
    </ClCompile>
    <ClCompile Include="support\checkArgs.cpp">
      <Filter>ソース ファイル\support</Filter>
    </ClCompile>
    <ClCompile Include="support\MarkovModelHistogram.cpp">
      <Filter>ソース ファイル\support</Filter>
    </ClCompile>
    <ClCompile Include="support\conversion.cpp">
      <Filter>ソース ファイル\support</Filter>
    </ClCompile>
    <ClCompile Include="6_3_4_CompressionEstimate.cpp">
      <Filter>ソース ファイル</Filter>
    </ClCompile>
    <ClCompile Include="support\TupleHistogram.cpp">
      <Filter>ソース ファイル\support</Filter>
    </ClCompile>
    <ClCompile Include="support\significantDigits.cpp">
      <Filter>ソース ファイル\support</Filter>
    </ClCompile>
    <ClCompile Include="6_3_1_MostCommonValueEstimate.cpp">
      <Filter>ソース ファイル</Filter>
    </ClCompile>
    <ClCompile Include="support\LaTeX.cpp">
      <Filter>ソース ファイル\support</Filter>
    </ClCompile>
  </ItemGroup>
</Project>